// !$*UTF8*$!
{
	archiveVersion = 1;
	classes = {
	};
	objectVersion = 56;
	objects = {

/* Begin PBXBuildFile section */
		B1000001 /* CogApp.swift in Sources */ = {isa = PBXBuildFile; fileRef = F1000001 /* CogApp.swift */; };
		B1000002 /* AppState.swift in Sources */ = {isa = PBXBuildFile; fileRef = F1000002 /* AppState.swift */; };
		B1000003 /* ContentView.swift in Sources */ = {isa = PBXBuildFile; fileRef = F1000003 /* ContentView.swift */; };
		B1000004 /* LoginView.swift in Sources */ = {isa = PBXBuildFile; fileRef = F1000004 /* LoginView.swift */; };
		B1000006 /* SessionListView.swift in Sources */ = {isa = PBXBuildFile; fileRef = F1000006 /* SessionListView.swift */; };
		B1000007 /* SessionRowView.swift in Sources */ = {isa = PBXBuildFile; fileRef = F1000007 /* SessionRowView.swift */; };
		B1000008 /* SettingsView.swift in Sources */ = {isa = PBXBuildFile; fileRef = F1000008 /* SettingsView.swift */; };
		B1000009 /* SessionListViewModel.swift in Sources */ = {isa = PBXBuildFile; fileRef = F1000009 /* SessionListViewModel.swift */; };
		B1000010 /* Session.swift in Sources */ = {isa = PBXBuildFile; fileRef = F1000010 /* Session.swift */; };
		B1000011 /* Message.swift in Sources */ = {isa = PBXBuildFile; fileRef = F1000011 /* Message.swift */; };
		B1000012 /* PaginatedResponse.swift in Sources */ = {isa = PBXBuildFile; fileRef = F1000012 /* PaginatedResponse.swift */; };
		B1000013 /* Playbook.swift in Sources */ = {isa = PBXBuildFile; fileRef = F1000013 /* Playbook.swift */; };
		B1000014 /* Knowledge.swift in Sources */ = {isa = PBXBuildFile; fileRef = F1000014 /* Knowledge.swift */; };
		B1000015 /* SelfResponse.swift in Sources */ = {isa = PBXBuildFile; fileRef = F1000015 /* SelfResponse.swift */; };
		B1000016 /* DevinAPIClient.swift in Sources */ = {isa = PBXBuildFile; fileRef = F1000016 /* DevinAPIClient.swift */; };
		B1000017 /* KeychainService.swift in Sources */ = {isa = PBXBuildFile; fileRef = F1000017 /* KeychainService.swift */; };
		B1000019 /* Assets.xcassets in Resources */ = {isa = PBXBuildFile; fileRef = F1000019 /* Assets.xcassets */; };
		B1000020 /* Color+Devin.swift in Sources */ = {isa = PBXBuildFile; fileRef = F1000021 /* Color+Devin.swift */; };
		B1000021 /* Date+Formatting.swift in Sources */ = {isa = PBXBuildFile; fileRef = F1000022 /* Date+Formatting.swift */; };
		B1000022 /* SessionDetailView.swift in Sources */ = {isa = PBXBuildFile; fileRef = F1000023 /* SessionDetailView.swift */; };
		B1000023 /* CreateSessionView.swift in Sources */ = {isa = PBXBuildFile; fileRef = F1000024 /* CreateSessionView.swift */; };
		B1000024 /* SessionDetailViewModel.swift in Sources */ = {isa = PBXBuildFile; fileRef = F1000025 /* SessionDetailViewModel.swift */; };
		B1000025 /* CreateSessionViewModel.swift in Sources */ = {isa = PBXBuildFile; fileRef = F1000026 /* CreateSessionViewModel.swift */; };
		B1000026 /* AppDelegate.swift in Sources */ = {isa = PBXBuildFile; fileRef = F1000027 /* AppDelegate.swift */; };
		B1000027 /* NotificationService.swift in Sources */ = {isa = PBXBuildFile; fileRef = F1000028 /* NotificationService.swift */; };
		B1000028 /* BackgroundRefreshManager.swift in Sources */ = {isa = PBXBuildFile; fileRef = F1000029 /* BackgroundRefreshManager.swift */; };
		B1000029 /* SessionStatusTracker.swift in Sources */ = {isa = PBXBuildFile; fileRef = F1000030 /* SessionStatusTracker.swift */; };
		B1000030 /* DeepLinkManager.swift in Sources */ = {isa = PBXBuildFile; fileRef = F1000031 /* DeepLinkManager.swift */; };
		B1000031 /* WidgetSessionData.swift in Sources */ = {isa = PBXBuildFile; fileRef = F1000032 /* WidgetSessionData.swift */; };
		B1000033 /* SpeechTranscriptionService.swift in Sources */ = {isa = PBXBuildFile; fileRef = F1000033 /* SpeechTranscriptionService.swift */; };
		B1000034 /* KnowledgeListViewModel.swift in Sources */ = {isa = PBXBuildFile; fileRef = F1000034 /* KnowledgeListViewModel.swift */; };
		B1000035 /* PlaybookListViewModel.swift in Sources */ = {isa = PBXBuildFile; fileRef = F1000035 /* PlaybookListViewModel.swift */; };
		B1000036 /* KnowledgeListView.swift in Sources */ = {isa = PBXBuildFile; fileRef = F1000036 /* KnowledgeListView.swift */; };
		B1000037 /* KnowledgeDetailView.swift in Sources */ = {isa = PBXBuildFile; fileRef = F1000037 /* KnowledgeDetailView.swift */; };
		B1000038 /* CreateKnowledgeView.swift in Sources */ = {isa = PBXBuildFile; fileRef = F1000038 /* CreateKnowledgeView.swift */; };
		B1000039 /* PlaybookListView.swift in Sources */ = {isa = PBXBuildFile; fileRef = F1000039 /* PlaybookListView.swift */; };
		B1000040 /* PlaybookDetailView.swift in Sources */ = {isa = PBXBuildFile; fileRef = F1000040 /* PlaybookDetailView.swift */; };
		B1000041 /* CreatePlaybookView.swift in Sources */ = {isa = PBXBuildFile; fileRef = F1000041 /* CreatePlaybookView.swift */; };
		B1000042 /* SchedulePlaceholderView.swift in Sources */ = {isa = PBXBuildFile; fileRef = F1000042 /* SchedulePlaceholderView.swift */; };
		B2000001 /* SessionsWidgetBundle.swift in Sources */ = {isa = PBXBuildFile; fileRef = F2000001 /* SessionsWidgetBundle.swift */; };
		B2000002 /* ActiveSessionsWidget.swift in Sources */ = {isa = PBXBuildFile; fileRef = F2000002 /* ActiveSessionsWidget.swift */; };
		B2000003 /* WidgetSessionData.swift in Sources */ = {isa = PBXBuildFile; fileRef = F2000003 /* WidgetSessionData.swift */; };
		B2000004 /* SessionsWidgetExtension.appex in Embed Foundation Extensions */ = {isa = PBXBuildFile; fileRef = F2000099 /* SessionsWidgetExtension.appex */; settings = {ATTRIBUTES = (RemoveHeadersOnCopy, ); }; };
/* End PBXBuildFile section */

/* Begin PBXFileReference section */
		F1000001 /* CogApp.swift */ = {isa = PBXFileReference; lastKnownFileType = sourcecode.swift; path = CogApp.swift; sourceTree = "<group>"; };
		F1000002 /* AppState.swift */ = {isa = PBXFileReference; lastKnownFileType = sourcecode.swift; path = AppState.swift; sourceTree = "<group>"; };
		F1000003 /* ContentView.swift */ = {isa = PBXFileReference; lastKnownFileType = sourcecode.swift; path = ContentView.swift; sourceTree = "<group>"; };
		F1000004 /* LoginView.swift */ = {isa = PBXFileReference; lastKnownFileType = sourcecode.swift; path = LoginView.swift; sourceTree = "<group>"; };
		F1000006 /* SessionListView.swift */ = {isa = PBXFileReference; lastKnownFileType = sourcecode.swift; path = SessionListView.swift; sourceTree = "<group>"; };
		F1000007 /* SessionRowView.swift */ = {isa = PBXFileReference; lastKnownFileType = sourcecode.swift; path = SessionRowView.swift; sourceTree = "<group>"; };
		F1000008 /* SettingsView.swift */ = {isa = PBXFileReference; lastKnownFileType = sourcecode.swift; path = SettingsView.swift; sourceTree = "<group>"; };
		F1000009 /* SessionListViewModel.swift */ = {isa = PBXFileReference; lastKnownFileType = sourcecode.swift; path = SessionListViewModel.swift; sourceTree = "<group>"; };
		F1000010 /* Session.swift */ = {isa = PBXFileReference; lastKnownFileType = sourcecode.swift; path = Session.swift; sourceTree = "<group>"; };
		F1000011 /* Message.swift */ = {isa = PBXFileReference; lastKnownFileType = sourcecode.swift; path = Message.swift; sourceTree = "<group>"; };
		F1000012 /* PaginatedResponse.swift */ = {isa = PBXFileReference; lastKnownFileType = sourcecode.swift; path = PaginatedResponse.swift; sourceTree = "<group>"; };
		F1000013 /* Playbook.swift */ = {isa = PBXFileReference; lastKnownFileType = sourcecode.swift; path = Playbook.swift; sourceTree = "<group>"; };
		F1000014 /* Knowledge.swift */ = {isa = PBXFileReference; lastKnownFileType = sourcecode.swift; path = Knowledge.swift; sourceTree = "<group>"; };
		F1000015 /* SelfResponse.swift */ = {isa = PBXFileReference; lastKnownFileType = sourcecode.swift; path = SelfResponse.swift; sourceTree = "<group>"; };
		F1000016 /* DevinAPIClient.swift */ = {isa = PBXFileReference; lastKnownFileType = sourcecode.swift; path = DevinAPIClient.swift; sourceTree = "<group>"; };
		F1000017 /* KeychainService.swift */ = {isa = PBXFileReference; lastKnownFileType = sourcecode.swift; path = KeychainService.swift; sourceTree = "<group>"; };
		F1000019 /* Assets.xcassets */ = {isa = PBXFileReference; lastKnownFileType = folder.assetcatalog; path = Assets.xcassets; sourceTree = "<group>"; };
		F1000020 /* Info.plist */ = {isa = PBXFileReference; lastKnownFileType = text.plist.xml; path = Info.plist; sourceTree = "<group>"; };
		F1000021 /* Color+Devin.swift */ = {isa = PBXFileReference; lastKnownFileType = sourcecode.swift; path = "Color+Devin.swift"; sourceTree = "<group>"; };
		F1000022 /* Date+Formatting.swift */ = {isa = PBXFileReference; lastKnownFileType = sourcecode.swift; path = "Date+Formatting.swift"; sourceTree = "<group>"; };
		F1000023 /* SessionDetailView.swift */ = {isa = PBXFileReference; lastKnownFileType = sourcecode.swift; path = SessionDetailView.swift; sourceTree = "<group>"; };
		F1000024 /* CreateSessionView.swift */ = {isa = PBXFileReference; lastKnownFileType = sourcecode.swift; path = CreateSessionView.swift; sourceTree = "<group>"; };
		F1000025 /* SessionDetailViewModel.swift */ = {isa = PBXFileReference; lastKnownFileType = sourcecode.swift; path = SessionDetailViewModel.swift; sourceTree = "<group>"; };
		F1000026 /* CreateSessionViewModel.swift */ = {isa = PBXFileReference; lastKnownFileType = sourcecode.swift; path = CreateSessionViewModel.swift; sourceTree = "<group>"; };
		F1000027 /* AppDelegate.swift */ = {isa = PBXFileReference; lastKnownFileType = sourcecode.swift; path = AppDelegate.swift; sourceTree = "<group>"; };
		F1000028 /* NotificationService.swift */ = {isa = PBXFileReference; lastKnownFileType = sourcecode.swift; path = NotificationService.swift; sourceTree = "<group>"; };
		F1000029 /* BackgroundRefreshManager.swift */ = {isa = PBXFileReference; lastKnownFileType = sourcecode.swift; path = BackgroundRefreshManager.swift; sourceTree = "<group>"; };
		F1000030 /* SessionStatusTracker.swift */ = {isa = PBXFileReference; lastKnownFileType = sourcecode.swift; path = SessionStatusTracker.swift; sourceTree = "<group>"; };
		F1000031 /* DeepLinkManager.swift */ = {isa = PBXFileReference; lastKnownFileType = sourcecode.swift; path = DeepLinkManager.swift; sourceTree = "<group>"; };
		F1000032 /* WidgetSessionData.swift */ = {isa = PBXFileReference; lastKnownFileType = sourcecode.swift; path = WidgetSessionData.swift; sourceTree = "<group>"; };
		F1000033 /* SpeechTranscriptionService.swift */ = {isa = PBXFileReference; lastKnownFileType = sourcecode.swift; path = SpeechTranscriptionService.swift; sourceTree = "<group>"; };
		F1000034 /* KnowledgeListViewModel.swift */ = {isa = PBXFileReference; lastKnownFileType = sourcecode.swift; path = KnowledgeListViewModel.swift; sourceTree = "<group>"; };
		F1000035 /* PlaybookListViewModel.swift */ = {isa = PBXFileReference; lastKnownFileType = sourcecode.swift; path = PlaybookListViewModel.swift; sourceTree = "<group>"; };
		F1000036 /* KnowledgeListView.swift */ = {isa = PBXFileReference; lastKnownFileType = sourcecode.swift; path = KnowledgeListView.swift; sourceTree = "<group>"; };
		F1000037 /* KnowledgeDetailView.swift */ = {isa = PBXFileReference; lastKnownFileType = sourcecode.swift; path = KnowledgeDetailView.swift; sourceTree = "<group>"; };
		F1000038 /* CreateKnowledgeView.swift */ = {isa = PBXFileReference; lastKnownFileType = sourcecode.swift; path = CreateKnowledgeView.swift; sourceTree = "<group>"; };
		F1000039 /* PlaybookListView.swift */ = {isa = PBXFileReference; lastKnownFileType = sourcecode.swift; path = PlaybookListView.swift; sourceTree = "<group>"; };
		F1000040 /* PlaybookDetailView.swift */ = {isa = PBXFileReference; lastKnownFileType = sourcecode.swift; path = PlaybookDetailView.swift; sourceTree = "<group>"; };
		F1000041 /* CreatePlaybookView.swift */ = {isa = PBXFileReference; lastKnownFileType = sourcecode.swift; path = CreatePlaybookView.swift; sourceTree = "<group>"; };
		F1000042 /* SchedulePlaceholderView.swift */ = {isa = PBXFileReference; lastKnownFileType = sourcecode.swift; path = SchedulePlaceholderView.swift; sourceTree = "<group>"; };
		F1000099 /* Cog.app */ = {isa = PBXFileReference; explicitFileType = wrapper.application; includeInIndex = 0; path = Cog.app; sourceTree = BUILT_PRODUCTS_DIR; };
		F2000001 /* SessionsWidgetBundle.swift */ = {isa = PBXFileReference; lastKnownFileType = sourcecode.swift; path = SessionsWidgetBundle.swift; sourceTree = "<group>"; };
		F2000002 /* ActiveSessionsWidget.swift */ = {isa = PBXFileReference; lastKnownFileType = sourcecode.swift; path = ActiveSessionsWidget.swift; sourceTree = "<group>"; };
		F2000003 /* WidgetSessionData.swift */ = {isa = PBXFileReference; lastKnownFileType = sourcecode.swift; path = WidgetSessionData.swift; sourceTree = "<group>"; };
		F2000004 /* Info.plist */ = {isa = PBXFileReference; lastKnownFileType = text.plist.xml; path = Info.plist; sourceTree = "<group>"; };
		F2000099 /* SessionsWidgetExtension.appex */ = {isa = PBXFileReference; explicitFileType = "wrapper.app-extension"; includeInIndex = 0; path = SessionsWidgetExtension.appex; sourceTree = BUILT_PRODUCTS_DIR; };
/* End PBXFileReference section */

/* Begin PBXCopyFilesBuildPhase section */
		C4000001 /* Embed Foundation Extensions */ = {
			isa = PBXCopyFilesBuildPhase;
			buildActionMask = 2147483647;
			dstPath = "";
			dstSubfolderSpec = 13;
			files = (
				B2000004 /* SessionsWidgetExtension.appex in Embed Foundation Extensions */,
			);
			name = "Embed Foundation Extensions";
			runOnlyForDeploymentPostprocessing = 0;
		};
/* End PBXCopyFilesBuildPhase section */

/* Begin PBXContainerItemProxy section */
		P1000001 /* PBXContainerItemProxy */ = {
			isa = PBXContainerItemProxy;
			containerPortal = E7000001 /* Project object */;
			proxyType = 1;
			remoteGlobalIDString = E0000002;
			remoteInfo = SessionsWidgetExtension;
		};
/* End PBXContainerItemProxy section */

/* Begin PBXTargetDependency section */
		T1000001 /* PBXTargetDependency */ = {
			isa = PBXTargetDependency;
			target = E0000002 /* SessionsWidgetExtension */;
			targetProxy = P1000001 /* PBXContainerItemProxy */;
		};
/* End PBXTargetDependency section */

/* Begin PBXFrameworksBuildPhase section */
		C2000001 /* Frameworks */ = {
			isa = PBXFrameworksBuildPhase;
			buildActionMask = 2147483647;
			files = (
			);
			runOnlyForDeploymentPostprocessing = 0;
		};
		C2000002 /* Frameworks */ = {
			isa = PBXFrameworksBuildPhase;
			buildActionMask = 2147483647;
			files = (
			);
			runOnlyForDeploymentPostprocessing = 0;
		};
/* End PBXFrameworksBuildPhase section */

/* Begin PBXGroup section */
		D0000001 = {
			isa = PBXGroup;
			children = (
				D0000002 /* Sources */,
				D0000010 /* Resources */,
				D0000013 /* SessionsWidget */,
				D0000099 /* Products */,
			);
			sourceTree = "<group>";
		};
		D0000002 /* Sources */ = {
			isa = PBXGroup;
			children = (
				D0000003 /* App */,
				D0000004 /* Models */,
				D0000005 /* Services */,
				D0000006 /* Views */,
				D0000009 /* ViewModels */,
				D0000012 /* Extensions */,
				F1000020 /* Info.plist */,
			);
			path = Sources;
			sourceTree = "<group>";
		};
		D0000003 /* App */ = {
			isa = PBXGroup;
			children = (
				F1000001 /* CogApp.swift */,
				F1000002 /* AppState.swift */,
				F1000027 /* AppDelegate.swift */,
			);
			path = App;
			sourceTree = "<group>";
		};
		D0000004 /* Models */ = {
			isa = PBXGroup;
			children = (
				F1000010 /* Session.swift */,
				F1000011 /* Message.swift */,
				F1000012 /* PaginatedResponse.swift */,
				F1000013 /* Playbook.swift */,
				F1000014 /* Knowledge.swift */,
				F1000015 /* SelfResponse.swift */,
				F1000032 /* WidgetSessionData.swift */,
			);
			path = Models;
			sourceTree = "<group>";
		};
		D0000005 /* Services */ = {
			isa = PBXGroup;
			children = (
				F1000016 /* DevinAPIClient.swift */,
				F1000017 /* KeychainService.swift */,
				F1000028 /* NotificationService.swift */,
				F1000029 /* BackgroundRefreshManager.swift */,
				F1000030 /* SessionStatusTracker.swift */,
				F1000031 /* DeepLinkManager.swift */,
				F1000033 /* SpeechTranscriptionService.swift */,
			);
			path = Services;
			sourceTree = "<group>";
		};
		D0000006 /* Views */ = {
			isa = PBXGroup;
			children = (
				F1000003 /* ContentView.swift */,
				D0000007 /* Auth */,
				D0000008 /* Sessions */,
				D0000014 /* Knowledge */,
				D0000015 /* Playbooks */,
				D0000016 /* Schedules */,
				D0000011 /* Settings */,
			);
			path = Views;
			sourceTree = "<group>";
		};
		D0000007 /* Auth */ = {
			isa = PBXGroup;
			children = (
				F1000004 /* LoginView.swift */,
			);
			path = Auth;
			sourceTree = "<group>";
		};
		D0000008 /* Sessions */ = {
			isa = PBXGroup;
			children = (
				F1000006 /* SessionListView.swift */,
				F1000007 /* SessionRowView.swift */,
				F1000023 /* SessionDetailView.swift */,
				F1000024 /* CreateSessionView.swift */,
			);
			path = Sessions;
			sourceTree = "<group>";
		};
		D0000009 /* ViewModels */ = {
			isa = PBXGroup;
			children = (
				F1000009 /* SessionListViewModel.swift */,
				F1000025 /* SessionDetailViewModel.swift */,
				F1000026 /* CreateSessionViewModel.swift */,
				F1000034 /* KnowledgeListViewModel.swift */,
				F1000035 /* PlaybookListViewModel.swift */,
			);
			path = ViewModels;
			sourceTree = "<group>";
		};
		D0000010 /* Resources */ = {
			isa = PBXGroup;
			children = (
				F1000019 /* Assets.xcassets */,
			);
			path = Resources;
			sourceTree = "<group>";
		};
		D0000011 /* Settings */ = {
			isa = PBXGroup;
			children = (
				F1000008 /* SettingsView.swift */,
			);
			path = Settings;
			sourceTree = "<group>";
		};
		D0000012 /* Extensions */ = {
			isa = PBXGroup;
			children = (
				F1000021 /* Color+Devin.swift */,
				F1000022 /* Date+Formatting.swift */,
			);
			path = Extensions;
			sourceTree = "<group>";
		};
		D0000013 /* SessionsWidget */ = {
			isa = PBXGroup;
			children = (
				F2000001 /* SessionsWidgetBundle.swift */,
				F2000002 /* ActiveSessionsWidget.swift */,
				F2000003 /* WidgetSessionData.swift */,
				F2000004 /* Info.plist */,
			);
			path = SessionsWidget;
			sourceTree = "<group>";
		};
		D0000099 /* Products */ = {
			isa = PBXGroup;
			children = (
				F1000099 /* Cog.app */,
				F2000099 /* SessionsWidgetExtension.appex */,
			);
			name = Products;
			sourceTree = "<group>";
		};
		D0000014 /* Knowledge */ = {
			isa = PBXGroup;
			children = (
				F1000036 /* KnowledgeListView.swift */,
				F1000037 /* KnowledgeDetailView.swift */,
				F1000038 /* CreateKnowledgeView.swift */,
			);
			path = Knowledge;
			sourceTree = "<group>";
		};
		D0000015 /* Playbooks */ = {
			isa = PBXGroup;
			children = (
				F1000039 /* PlaybookListView.swift */,
				F1000040 /* PlaybookDetailView.swift */,
				F1000041 /* CreatePlaybookView.swift */,
			);
			path = Playbooks;
			sourceTree = "<group>";
		};
		D0000016 /* Schedules */ = {
			isa = PBXGroup;
			children = (
				F1000042 /* SchedulePlaceholderView.swift */,
			);
			path = Schedules;
			sourceTree = "<group>";
		};
/* End PBXGroup section */

/* Begin PBXNativeTarget section */
		E0000001 /* Cog */ = {
			isa = PBXNativeTarget;
			buildConfigurationList = E6000002 /* Build configuration list for PBXNativeTarget "Cog" */;
			buildPhases = (
				C1000001 /* Sources */,
				C2000001 /* Frameworks */,
				C3000001 /* Resources */,
				C4000001 /* Embed Foundation Extensions */,
			);
			buildRules = (
			);
			dependencies = (
				T1000001 /* PBXTargetDependency */,
			);
			name = Cog;
			productName = Cog;
			productReference = F1000099 /* Cog.app */;
			productType = "com.apple.product-type.application";
		};
		E0000002 /* SessionsWidgetExtension */ = {
			isa = PBXNativeTarget;
			buildConfigurationList = E6000003 /* Build configuration list for PBXNativeTarget "SessionsWidgetExtension" */;
			buildPhases = (
				C1000002 /* Sources */,
				C2000002 /* Frameworks */,
			);
			buildRules = (
			);
			dependencies = (
			);
			name = SessionsWidgetExtension;
			productName = SessionsWidgetExtension;
			productReference = F2000099 /* SessionsWidgetExtension.appex */;
			productType = "com.apple.product-type.app-extension";
		};
/* End PBXNativeTarget section */

/* Begin PBXProject section */
		E7000001 /* Project object */ = {
			isa = PBXProject;
			attributes = {
				BuildIndependentTargetsInParallel = 1;
				LastSwiftUpdateCheck = 1600;
				LastUpgradeCheck = 1600;
			};
			buildConfigurationList = E6000001 /* Build configuration list for PBXProject "Cog" */;
			developmentRegion = en;
			hasScannedForEncodings = 0;
			knownRegions = (
				en,
				Base,
			);
			mainGroup = D0000001;
			minimizedProjectReferenceProxies = 1;
			productRefGroup = D0000099 /* Products */;
			projectDirPath = "";
			projectRoot = "";
			targets = (
				E0000001 /* Cog */,
				E0000002 /* SessionsWidgetExtension */,
			);
		};
/* End PBXProject section */

/* Begin PBXResourcesBuildPhase section */
		C3000001 /* Resources */ = {
			isa = PBXResourcesBuildPhase;
			buildActionMask = 2147483647;
			files = (
				B1000019 /* Assets.xcassets in Resources */,
			);
			runOnlyForDeploymentPostprocessing = 0;
		};
/* End PBXResourcesBuildPhase section */

/* Begin PBXSourcesBuildPhase section */
		C1000001 /* Sources */ = {
			isa = PBXSourcesBuildPhase;
			buildActionMask = 2147483647;
			files = (
				B1000001 /* CogApp.swift in Sources */,
				B1000002 /* AppState.swift in Sources */,
				B1000003 /* ContentView.swift in Sources */,
				B1000004 /* LoginView.swift in Sources */,
				B1000006 /* SessionListView.swift in Sources */,
				B1000007 /* SessionRowView.swift in Sources */,
				B1000008 /* SettingsView.swift in Sources */,
				B1000009 /* SessionListViewModel.swift in Sources */,
				B1000010 /* Session.swift in Sources */,
				B1000011 /* Message.swift in Sources */,
				B1000012 /* PaginatedResponse.swift in Sources */,
				B1000013 /* Playbook.swift in Sources */,
				B1000014 /* Knowledge.swift in Sources */,
				B1000015 /* SelfResponse.swift in Sources */,
				B1000016 /* DevinAPIClient.swift in Sources */,
				B1000017 /* KeychainService.swift in Sources */,
				B1000020 /* Color+Devin.swift in Sources */,
				B1000021 /* Date+Formatting.swift in Sources */,
				B1000022 /* SessionDetailView.swift in Sources */,
				B1000023 /* CreateSessionView.swift in Sources */,
				B1000024 /* SessionDetailViewModel.swift in Sources */,
				B1000025 /* CreateSessionViewModel.swift in Sources */,
				B1000026 /* AppDelegate.swift in Sources */,
				B1000027 /* NotificationService.swift in Sources */,
				B1000028 /* BackgroundRefreshManager.swift in Sources */,
				B1000029 /* SessionStatusTracker.swift in Sources */,
				B1000030 /* DeepLinkManager.swift in Sources */,
				B1000031 /* WidgetSessionData.swift in Sources */,
				B1000033 /* SpeechTranscriptionService.swift in Sources */,
				B1000034 /* KnowledgeListViewModel.swift in Sources */,
				B1000035 /* PlaybookListViewModel.swift in Sources */,
				B1000036 /* KnowledgeListView.swift in Sources */,
				B1000037 /* KnowledgeDetailView.swift in Sources */,
				B1000038 /* CreateKnowledgeView.swift in Sources */,
				B1000039 /* PlaybookListView.swift in Sources */,
				B1000040 /* PlaybookDetailView.swift in Sources */,
				B1000041 /* CreatePlaybookView.swift in Sources */,
				B1000042 /* SchedulePlaceholderView.swift in Sources */,
			);
			runOnlyForDeploymentPostprocessing = 0;
		};
		C1000002 /* Sources */ = {
			isa = PBXSourcesBuildPhase;
			buildActionMask = 2147483647;
			files = (
				B2000001 /* SessionsWidgetBundle.swift in Sources */,
				B2000002 /* ActiveSessionsWidget.swift in Sources */,
				B2000003 /* WidgetSessionData.swift in Sources */,
			);
			runOnlyForDeploymentPostprocessing = 0;
		};
/* End PBXSourcesBuildPhase section */

/* Begin XCBuildConfiguration section */
		A9000001 /* Debug */ = {
			isa = XCBuildConfiguration;
			buildSettings = {
				ALWAYS_SEARCH_USER_PATHS = NO;
				ASSETCATALOG_COMPILER_GENERATE_SWIFT_ASSET_SYMBOL_EXTENSIONS = YES;
				CLANG_ANALYZER_NONNULL = YES;
				CLANG_CXX_LANGUAGE_STANDARD = "gnu++20";
				CLANG_ENABLE_MODULES = YES;
				CLANG_ENABLE_OBJC_ARC = YES;
				COPY_PHASE_STRIP = NO;
				DEBUG_INFORMATION_FORMAT = dwarf;
				ENABLE_STRICT_OBJC_MSGSEND = YES;
				ENABLE_TESTABILITY = YES;
				GCC_DYNAMIC_NO_PIC = NO;
				GCC_OPTIMIZATION_LEVEL = 0;
				GCC_PREPROCESSOR_DEFINITIONS = (
					"DEBUG=1",
					"$(inherited)",
				);
				ENABLE_DEBUG_DYLIB = NO;
				IPHONEOS_DEPLOYMENT_TARGET = 26.0;
				MTL_ENABLE_DEBUG_INFO = INCLUDE_SOURCE;
				ONLY_ACTIVE_ARCH = YES;
				SDKROOT = iphoneos;
				SWIFT_ACTIVE_COMPILATION_CONDITIONS = "$(inherited) DEBUG";
				SWIFT_OPTIMIZATION_LEVEL = "-Onone";
				SWIFT_STRICT_CONCURRENCY = complete;
				SWIFT_VERSION = 6.0;
			};
			name = Debug;
		};
		A9000002 /* Release */ = {
			isa = XCBuildConfiguration;
			buildSettings = {
				ALWAYS_SEARCH_USER_PATHS = NO;
				ASSETCATALOG_COMPILER_GENERATE_SWIFT_ASSET_SYMBOL_EXTENSIONS = YES;
				CLANG_ANALYZER_NONNULL = YES;
				CLANG_CXX_LANGUAGE_STANDARD = "gnu++20";
				CLANG_ENABLE_MODULES = YES;
				CLANG_ENABLE_OBJC_ARC = YES;
				COPY_PHASE_STRIP = NO;
				DEBUG_INFORMATION_FORMAT = "dwarf-with-dsym";
				ENABLE_NS_ASSERTIONS = NO;
				ENABLE_STRICT_OBJC_MSGSEND = YES;
				GCC_OPTIMIZATION_LEVEL = s;
				IPHONEOS_DEPLOYMENT_TARGET = 26.0;
				MTL_ENABLE_DEBUG_INFO = NO;
				SDKROOT = iphoneos;
				SWIFT_COMPILATION_MODE = wholemodule;
				SWIFT_STRICT_CONCURRENCY = complete;
				SWIFT_VERSION = 6.0;
				VALIDATE_PRODUCT = YES;
			};
			name = Release;
		};
		A9000003 /* Debug */ = {
			isa = XCBuildConfiguration;
			buildSettings = {
				ASSETCATALOG_COMPILER_APPICON_NAME = AppIcon;
				CODE_SIGN_STYLE = Automatic;
				CURRENT_PROJECT_VERSION = 3;
				GENERATE_INFOPLIST_FILE = YES;
				INFOPLIST_FILE = Sources/Info.plist;
				INFOPLIST_KEY_CFBundleDisplayName = "Cog";
				INFOPLIST_KEY_UIApplicationSceneManifest_Generation = YES;
				INFOPLIST_KEY_UIApplicationSupportsIndirectInputEvents = YES;
				INFOPLIST_KEY_UILaunchScreen_Generation = YES;
				INFOPLIST_KEY_UISupportedInterfaceOrientations = UIInterfaceOrientationPortrait;
				LD_RUNPATH_SEARCH_PATHS = (
					"$(inherited)",
					"@executable_path/Frameworks",
				);
				MARKETING_VERSION = 0.1.0;
				PRODUCT_BUNDLE_IDENTIFIER = com.cogfordevin.ios;
				PRODUCT_NAME = "$(TARGET_NAME)";
				SUPPORTED_PLATFORMS = "iphoneos iphonesimulator";
				SUPPORTS_MACCATALYST = NO;
				SWIFT_EMIT_LOC_STRINGS = YES;
				TARGETED_DEVICE_FAMILY = 1;
			};
			name = Debug;
		};
		A9000004 /* Release */ = {
			isa = XCBuildConfiguration;
			buildSettings = {
				ASSETCATALOG_COMPILER_APPICON_NAME = AppIcon;
				CODE_SIGN_STYLE = Automatic;
				CURRENT_PROJECT_VERSION = 3;
				GENERATE_INFOPLIST_FILE = YES;
				INFOPLIST_FILE = Sources/Info.plist;
				INFOPLIST_KEY_CFBundleDisplayName = "Cog";
				INFOPLIST_KEY_UIApplicationSceneManifest_Generation = YES;
				INFOPLIST_KEY_UIApplicationSupportsIndirectInputEvents = YES;
				INFOPLIST_KEY_UILaunchScreen_Generation = YES;
				INFOPLIST_KEY_UISupportedInterfaceOrientations = UIInterfaceOrientationPortrait;
				LD_RUNPATH_SEARCH_PATHS = (
					"$(inherited)",
					"@executable_path/Frameworks",
				);
				MARKETING_VERSION = 0.1.0;
				PRODUCT_BUNDLE_IDENTIFIER = com.cogfordevin.ios;
				PRODUCT_NAME = "$(TARGET_NAME)";
				SUPPORTED_PLATFORMS = "iphoneos iphonesimulator";
				SUPPORTS_MACCATALYST = NO;
				SWIFT_EMIT_LOC_STRINGS = YES;
				TARGETED_DEVICE_FAMILY = 1;
			};
			name = Release;
		};
		A9000005 /* Debug */ = {
			isa = XCBuildConfiguration;
			buildSettings = {
				ASSETCATALOG_COMPILER_GLOBAL_ACCENT_COLOR_NAME = AccentColor;
				ASSETCATALOG_COMPILER_WIDGET_BACKGROUND_COLOR_NAME = WidgetBackground;
				CODE_SIGN_STYLE = Automatic;
				CURRENT_PROJECT_VERSION = 3;
				GENERATE_INFOPLIST_FILE = YES;
				INFOPLIST_FILE = SessionsWidget/Info.plist;
				INFOPLIST_KEY_CFBundleDisplayName = "Sessions Widget";
				INFOPLIST_KEY_NSHumanReadableCopyright = "";
				LD_RUNPATH_SEARCH_PATHS = (
					"$(inherited)",
					"@executable_path/Frameworks",
					"@executable_path/../../Frameworks",
				);
				MARKETING_VERSION = 0.1.0;
				PRODUCT_BUNDLE_IDENTIFIER = com.cogfordevin.ios.sessions-widget;
				PRODUCT_NAME = "$(TARGET_NAME)";
				SKIP_INSTALL = YES;
				SUPPORTED_PLATFORMS = "iphoneos iphonesimulator";
				SWIFT_EMIT_LOC_STRINGS = YES;
				TARGETED_DEVICE_FAMILY = 1;
			};
			name = Debug;
		};
		A9000006 /* Release */ = {
			isa = XCBuildConfiguration;
			buildSettings = {
				ASSETCATALOG_COMPILER_GLOBAL_ACCENT_COLOR_NAME = AccentColor;
				ASSETCATALOG_COMPILER_WIDGET_BACKGROUND_COLOR_NAME = WidgetBackground;
				CODE_SIGN_STYLE = Automatic;
				CURRENT_PROJECT_VERSION = 3;
				GENERATE_INFOPLIST_FILE = YES;
				INFOPLIST_FILE = SessionsWidget/Info.plist;
				INFOPLIST_KEY_CFBundleDisplayName = "Sessions Widget";
				INFOPLIST_KEY_NSHumanReadableCopyright = "";
				LD_RUNPATH_SEARCH_PATHS = (
					"$(inherited)",
					"@executable_path/Frameworks",
					"@executable_path/../../Frameworks",
				);
				MARKETING_VERSION = 0.1.0;
				PRODUCT_BUNDLE_IDENTIFIER = com.cogfordevin.ios.sessions-widget;
				PRODUCT_NAME = "$(TARGET_NAME)";
				SKIP_INSTALL = YES;
				SUPPORTED_PLATFORMS = "iphoneos iphonesimulator";
				SWIFT_EMIT_LOC_STRINGS = YES;
				TARGETED_DEVICE_FAMILY = 1;
			};
			name = Release;
		};
/* End XCBuildConfiguration section */

/* Begin XCConfigurationList section */
		E6000001 /* Build configuration list for PBXProject "Cog" */ = {
			isa = XCConfigurationList;
			buildConfigurations = (
				A9000001 /* Debug */,
				A9000002 /* Release */,
			);
			defaultConfigurationIsVisible = 0;
			defaultConfigurationName = Release;
		};
		E6000002 /* Build configuration list for PBXNativeTarget "Cog" */ = {
			isa = XCConfigurationList;
			buildConfigurations = (
				A9000003 /* Debug */,
				A9000004 /* Release */,
			);
			defaultConfigurationIsVisible = 0;
			defaultConfigurationName = Release;
		};
		E6000003 /* Build configuration list for PBXNativeTarget "SessionsWidgetExtension" */ = {
			isa = XCConfigurationList;
			buildConfigurations = (
				A9000005 /* Debug */,
				A9000006 /* Release */,
			);
			defaultConfigurationIsVisible = 0;
			defaultConfigurationName = Release;
		};
/* End XCConfigurationList section */

	};
	rootObject = E7000001 /* Project object */;
}
